// !$*UTF8*$!
{
	archiveVersion = 1;
	classes = {
	};
	objectVersion = 56;
	objects = {

/* Begin PBXBuildFile section */
		531B889429C8BFDA00A70AB9 /* AppDelegate.swift in Sources */ = {isa = PBXBuildFile; fileRef = 531B889329C8BFDA00A70AB9 /* AppDelegate.swift */; };
		531B889629C8BFDA00A70AB9 /* SceneDelegate.swift in Sources */ = {isa = PBXBuildFile; fileRef = 531B889529C8BFDA00A70AB9 /* SceneDelegate.swift */; };
		531B889829C8BFDA00A70AB9 /* APODViewController.swift in Sources */ = {isa = PBXBuildFile; fileRef = 531B889729C8BFDA00A70AB9 /* APODViewController.swift */; };
		531B889D29C8BFDC00A70AB9 /* Assets.xcassets in Resources */ = {isa = PBXBuildFile; fileRef = 531B889C29C8BFDC00A70AB9 /* Assets.xcassets */; };
		531B88A029C8BFDC00A70AB9 /* LaunchScreen.storyboard in Resources */ = {isa = PBXBuildFile; fileRef = 531B889E29C8BFDC00A70AB9 /* LaunchScreen.storyboard */; };
		531B88BB29C8C73500A70AB9 /* APOD.swift in Sources */ = {isa = PBXBuildFile; fileRef = 531B88BA29C8C73500A70AB9 /* APOD.swift */; };
		531B88BE29C8C8E100A70AB9 /* NetworkConfigurable.swift in Sources */ = {isa = PBXBuildFile; fileRef = 531B88BD29C8C8E100A70AB9 /* NetworkConfigurable.swift */; };
		531B88C029C8C9AF00A70AB9 /* NetworkService.swift in Sources */ = {isa = PBXBuildFile; fileRef = 531B88BF29C8C9AF00A70AB9 /* NetworkService.swift */; };
		531B88C229C928A800A70AB9 /* EndPoint.swift in Sources */ = {isa = PBXBuildFile; fileRef = 531B88C129C928A800A70AB9 /* EndPoint.swift */; };
		531B88C429C92EBB00A70AB9 /* DataTransferService.swift in Sources */ = {isa = PBXBuildFile; fileRef = 531B88C329C92EBB00A70AB9 /* DataTransferService.swift */; };
		531B88C829C933B700A70AB9 /* APIEndpoints.swift in Sources */ = {isa = PBXBuildFile; fileRef = 531B88C729C933B700A70AB9 /* APIEndpoints.swift */; };
		531B88CA29C9356C00A70AB9 /* APODViewModel.swift in Sources */ = {isa = PBXBuildFile; fileRef = 531B88C929C9356C00A70AB9 /* APODViewModel.swift */; };
		531B88CC29CAAFFE00A70AB9 /* DefaultTransferService.swift in Sources */ = {isa = PBXBuildFile; fileRef = 531B88CB29CAAFFE00A70AB9 /* DefaultTransferService.swift */; };
		531B88D129CAB18E00A70AB9 /* AppDIContainer.swift in Sources */ = {isa = PBXBuildFile; fileRef = 531B88D029CAB18E00A70AB9 /* AppDIContainer.swift */; };
		531B88D329CAB1D400A70AB9 /* AppConfiguration.swift in Sources */ = {isa = PBXBuildFile; fileRef = 531B88D229CAB1D400A70AB9 /* AppConfiguration.swift */; };
		531B88D529CAC19800A70AB9 /* AppFlowCoordinator.swift in Sources */ = {isa = PBXBuildFile; fileRef = 531B88D429CAC19800A70AB9 /* AppFlowCoordinator.swift */; };
		531B88D929CAC38D00A70AB9 /* StoryboardInstantiable.swift in Sources */ = {isa = PBXBuildFile; fileRef = 531B88D829CAC38D00A70AB9 /* StoryboardInstantiable.swift */; };
		531B88DB29CAC4A000A70AB9 /* APODViewController.storyboard in Resources */ = {isa = PBXBuildFile; fileRef = 531B88DA29CAC4A000A70AB9 /* APODViewController.storyboard */; };
		531B88DD29CAE68200A70AB9 /* AppAppearance.swift in Sources */ = {isa = PBXBuildFile; fileRef = 531B88DC29CAE68200A70AB9 /* AppAppearance.swift */; };
		531B88E229CB098900A70AB9 /* Main.storyboard in Resources */ = {isa = PBXBuildFile; fileRef = 531B88E029CB098900A70AB9 /* Main.storyboard */; };
		531B88E429CB0B7400A70AB9 /* Observable.swift in Sources */ = {isa = PBXBuildFile; fileRef = 531B88E329CB0B7400A70AB9 /* Observable.swift */; };
		531B88E929CB529700A70AB9 /* UseCase.swift in Sources */ = {isa = PBXBuildFile; fileRef = 531B88E829CB529700A70AB9 /* UseCase.swift */; };
		531B88EB29CB52F500A70AB9 /* APODUseCase.swift in Sources */ = {isa = PBXBuildFile; fileRef = 531B88EA29CB52F500A70AB9 /* APODUseCase.swift */; };
		531B88EE29CB540D00A70AB9 /* APODRepository.swift in Sources */ = {isa = PBXBuildFile; fileRef = 531B88ED29CB540D00A70AB9 /* APODRepository.swift */; };
		531B88F329CB550500A70AB9 /* DefaultAPODRepository.swift in Sources */ = {isa = PBXBuildFile; fileRef = 531B88F229CB550500A70AB9 /* DefaultAPODRepository.swift */; };
		531B88F729CB557900A70AB9 /* APODResponseStorage.swift in Sources */ = {isa = PBXBuildFile; fileRef = 531B88F629CB557900A70AB9 /* APODResponseStorage.swift */; };
		531B88FA29CB5DC700A70AB9 /* APORequestDTO+Mapping.swift in Sources */ = {isa = PBXBuildFile; fileRef = 531B88F929CB5DC700A70AB9 /* APORequestDTO+Mapping.swift */; };
		531B88FC29CB5DDE00A70AB9 /* APOResponseDTO+Mapping.swift in Sources */ = {isa = PBXBuildFile; fileRef = 531B88FB29CB5DDE00A70AB9 /* APOResponseDTO+Mapping.swift */; };
		531B890129CB647700A70AB9 /* UserDefaultResponseStorage.swift in Sources */ = {isa = PBXBuildFile; fileRef = 531B890029CB647700A70AB9 /* UserDefaultResponseStorage.swift */; };
		531B890729CFD9A100A70AB9 /* Date+Extension.swift in Sources */ = {isa = PBXBuildFile; fileRef = 531B890629CFD9A100A70AB9 /* Date+Extension.swift */; };
		531B890929D0036800A70AB9 /* String+Extension.swift in Sources */ = {isa = PBXBuildFile; fileRef = 531B890829D0036800A70AB9 /* String+Extension.swift */; };
		531B890B29D00C3D00A70AB9 /* DefaultImageRepository.swift in Sources */ = {isa = PBXBuildFile; fileRef = 531B890A29D00C3D00A70AB9 /* DefaultImageRepository.swift */; };
		531B890E29D04B7000A70AB9 /* NSCacheDataStorage.swift in Sources */ = {isa = PBXBuildFile; fileRef = 531B890D29D04B7000A70AB9 /* NSCacheDataStorage.swift */; };
		531B891029D0A52900A70AB9 /* ErrorResolver.swift in Sources */ = {isa = PBXBuildFile; fileRef = 531B890F29D0A52900A70AB9 /* ErrorResolver.swift */; };
		531B891829D14B0500A70AB9 /* AstroTests.swift in Sources */ = {isa = PBXBuildFile; fileRef = 531B891729D14B0500A70AB9 /* AstroTests.swift */; };
		531B892129D14BC000A70AB9 /* APODViewModelTests.swift in Sources */ = {isa = PBXBuildFile; fileRef = 531B892029D14BC000A70AB9 /* APODViewModelTests.swift */; };
		531B892429D1856D00A70AB9 /* APODMockUseCase.swift in Sources */ = {isa = PBXBuildFile; fileRef = 531B892329D1856D00A70AB9 /* APODMockUseCase.swift */; };
/* End PBXBuildFile section */

/* Begin PBXContainerItemProxy section */
		531B891929D14B0500A70AB9 /* PBXContainerItemProxy */ = {
			isa = PBXContainerItemProxy;
			containerPortal = 531B888829C8BFDA00A70AB9 /* Project object */;
			proxyType = 1;
			remoteGlobalIDString = 531B888F29C8BFDA00A70AB9;
			remoteInfo = Astro;
		};
/* End PBXContainerItemProxy section */

/* Begin PBXFileReference section */
		531B889029C8BFDA00A70AB9 /* Astro.app */ = {isa = PBXFileReference; explicitFileType = wrapper.application; includeInIndex = 0; path = Astro.app; sourceTree = BUILT_PRODUCTS_DIR; };
		531B889329C8BFDA00A70AB9 /* AppDelegate.swift */ = {isa = PBXFileReference; lastKnownFileType = sourcecode.swift; path = AppDelegate.swift; sourceTree = "<group>"; };
		531B889529C8BFDA00A70AB9 /* SceneDelegate.swift */ = {isa = PBXFileReference; lastKnownFileType = sourcecode.swift; path = SceneDelegate.swift; sourceTree = "<group>"; };
		531B889729C8BFDA00A70AB9 /* APODViewController.swift */ = {isa = PBXFileReference; lastKnownFileType = sourcecode.swift; path = APODViewController.swift; sourceTree = "<group>"; };
		531B889C29C8BFDC00A70AB9 /* Assets.xcassets */ = {isa = PBXFileReference; lastKnownFileType = folder.assetcatalog; path = Assets.xcassets; sourceTree = "<group>"; };
		531B889F29C8BFDC00A70AB9 /* Base */ = {isa = PBXFileReference; lastKnownFileType = file.storyboard; name = Base; path = Base.lproj/LaunchScreen.storyboard; sourceTree = "<group>"; };
		531B88A129C8BFDC00A70AB9 /* Info.plist */ = {isa = PBXFileReference; lastKnownFileType = text.plist.xml; path = Info.plist; sourceTree = "<group>"; };
		531B88BA29C8C73500A70AB9 /* APOD.swift */ = {isa = PBXFileReference; lastKnownFileType = sourcecode.swift; path = APOD.swift; sourceTree = "<group>"; };
		531B88BD29C8C8E100A70AB9 /* NetworkConfigurable.swift */ = {isa = PBXFileReference; lastKnownFileType = sourcecode.swift; path = NetworkConfigurable.swift; sourceTree = "<group>"; };
		531B88BF29C8C9AF00A70AB9 /* NetworkService.swift */ = {isa = PBXFileReference; lastKnownFileType = sourcecode.swift; path = NetworkService.swift; sourceTree = "<group>"; };
		531B88C129C928A800A70AB9 /* EndPoint.swift */ = {isa = PBXFileReference; lastKnownFileType = sourcecode.swift; path = EndPoint.swift; sourceTree = "<group>"; };
		531B88C329C92EBB00A70AB9 /* DataTransferService.swift */ = {isa = PBXFileReference; lastKnownFileType = sourcecode.swift; path = DataTransferService.swift; sourceTree = "<group>"; };
		531B88C729C933B700A70AB9 /* APIEndpoints.swift */ = {isa = PBXFileReference; lastKnownFileType = sourcecode.swift; path = APIEndpoints.swift; sourceTree = "<group>"; };
		531B88C929C9356C00A70AB9 /* APODViewModel.swift */ = {isa = PBXFileReference; lastKnownFileType = sourcecode.swift; path = APODViewModel.swift; sourceTree = "<group>"; };
		531B88CB29CAAFFE00A70AB9 /* DefaultTransferService.swift */ = {isa = PBXFileReference; lastKnownFileType = sourcecode.swift; path = DefaultTransferService.swift; sourceTree = "<group>"; };
		531B88D029CAB18E00A70AB9 /* AppDIContainer.swift */ = {isa = PBXFileReference; lastKnownFileType = sourcecode.swift; path = AppDIContainer.swift; sourceTree = "<group>"; };
		531B88D229CAB1D400A70AB9 /* AppConfiguration.swift */ = {isa = PBXFileReference; lastKnownFileType = sourcecode.swift; path = AppConfiguration.swift; sourceTree = "<group>"; };
		531B88D429CAC19800A70AB9 /* AppFlowCoordinator.swift */ = {isa = PBXFileReference; lastKnownFileType = sourcecode.swift; path = AppFlowCoordinator.swift; sourceTree = "<group>"; };
		531B88D829CAC38D00A70AB9 /* StoryboardInstantiable.swift */ = {isa = PBXFileReference; lastKnownFileType = sourcecode.swift; path = StoryboardInstantiable.swift; sourceTree = "<group>"; };
		531B88DA29CAC4A000A70AB9 /* APODViewController.storyboard */ = {isa = PBXFileReference; lastKnownFileType = file.storyboard; path = APODViewController.storyboard; sourceTree = "<group>"; };
		531B88DC29CAE68200A70AB9 /* AppAppearance.swift */ = {isa = PBXFileReference; lastKnownFileType = sourcecode.swift; path = AppAppearance.swift; sourceTree = "<group>"; };
		531B88E129CB098900A70AB9 /* Base */ = {isa = PBXFileReference; lastKnownFileType = file.storyboard; name = Base; path = Base.lproj/Main.storyboard; sourceTree = "<group>"; };
		531B88E329CB0B7400A70AB9 /* Observable.swift */ = {isa = PBXFileReference; lastKnownFileType = sourcecode.swift; path = Observable.swift; sourceTree = "<group>"; };
		531B88E829CB529700A70AB9 /* UseCase.swift */ = {isa = PBXFileReference; lastKnownFileType = sourcecode.swift; path = UseCase.swift; sourceTree = "<group>"; };
		531B88EA29CB52F500A70AB9 /* APODUseCase.swift */ = {isa = PBXFileReference; lastKnownFileType = sourcecode.swift; path = APODUseCase.swift; sourceTree = "<group>"; };
		531B88ED29CB540D00A70AB9 /* APODRepository.swift */ = {isa = PBXFileReference; lastKnownFileType = sourcecode.swift; path = APODRepository.swift; sourceTree = "<group>"; };
		531B88F229CB550500A70AB9 /* DefaultAPODRepository.swift */ = {isa = PBXFileReference; lastKnownFileType = sourcecode.swift; path = DefaultAPODRepository.swift; sourceTree = "<group>"; };
		531B88F629CB557900A70AB9 /* APODResponseStorage.swift */ = {isa = PBXFileReference; lastKnownFileType = sourcecode.swift; path = APODResponseStorage.swift; sourceTree = "<group>"; };
		531B88F929CB5DC700A70AB9 /* APORequestDTO+Mapping.swift */ = {isa = PBXFileReference; lastKnownFileType = sourcecode.swift; path = "APORequestDTO+Mapping.swift"; sourceTree = "<group>"; };
		531B88FB29CB5DDE00A70AB9 /* APOResponseDTO+Mapping.swift */ = {isa = PBXFileReference; lastKnownFileType = sourcecode.swift; path = "APOResponseDTO+Mapping.swift"; sourceTree = "<group>"; };
		531B890029CB647700A70AB9 /* UserDefaultResponseStorage.swift */ = {isa = PBXFileReference; lastKnownFileType = sourcecode.swift; path = UserDefaultResponseStorage.swift; sourceTree = "<group>"; };
		531B890629CFD9A100A70AB9 /* Date+Extension.swift */ = {isa = PBXFileReference; lastKnownFileType = sourcecode.swift; path = "Date+Extension.swift"; sourceTree = "<group>"; };
		531B890829D0036800A70AB9 /* String+Extension.swift */ = {isa = PBXFileReference; lastKnownFileType = sourcecode.swift; path = "String+Extension.swift"; sourceTree = "<group>"; };
		531B890A29D00C3D00A70AB9 /* DefaultImageRepository.swift */ = {isa = PBXFileReference; lastKnownFileType = sourcecode.swift; path = DefaultImageRepository.swift; sourceTree = "<group>"; };
		531B890D29D04B7000A70AB9 /* NSCacheDataStorage.swift */ = {isa = PBXFileReference; lastKnownFileType = sourcecode.swift; path = NSCacheDataStorage.swift; sourceTree = "<group>"; };
		531B890F29D0A52900A70AB9 /* ErrorResolver.swift */ = {isa = PBXFileReference; lastKnownFileType = sourcecode.swift; path = ErrorResolver.swift; sourceTree = "<group>"; };
		531B891529D14B0400A70AB9 /* AstroTests.xctest */ = {isa = PBXFileReference; explicitFileType = wrapper.cfbundle; includeInIndex = 0; path = AstroTests.xctest; sourceTree = BUILT_PRODUCTS_DIR; };
		531B891729D14B0500A70AB9 /* AstroTests.swift */ = {isa = PBXFileReference; lastKnownFileType = sourcecode.swift; path = AstroTests.swift; sourceTree = "<group>"; };
		531B892029D14BC000A70AB9 /* APODViewModelTests.swift */ = {isa = PBXFileReference; lastKnownFileType = sourcecode.swift; path = APODViewModelTests.swift; sourceTree = "<group>"; };
		531B892329D1856D00A70AB9 /* APODMockUseCase.swift */ = {isa = PBXFileReference; lastKnownFileType = sourcecode.swift; path = APODMockUseCase.swift; sourceTree = "<group>"; };
/* End PBXFileReference section */

/* Begin PBXFrameworksBuildPhase section */
		531B888D29C8BFDA00A70AB9 /* Frameworks */ = {
			isa = PBXFrameworksBuildPhase;
			buildActionMask = 2147483647;
			files = (
			);
			runOnlyForDeploymentPostprocessing = 0;
		};
		531B891229D14B0400A70AB9 /* Frameworks */ = {
			isa = PBXFrameworksBuildPhase;
			buildActionMask = 2147483647;
			files = (
			);
			runOnlyForDeploymentPostprocessing = 0;
		};
/* End PBXFrameworksBuildPhase section */

/* Begin PBXGroup section */
		531B888729C8BFDA00A70AB9 = {
			isa = PBXGroup;
			children = (
				531B889229C8BFDA00A70AB9 /* Astro */,
				531B891629D14B0500A70AB9 /* AstroTests */,
				531B889129C8BFDA00A70AB9 /* Products */,
			);
			sourceTree = "<group>";
		};
		531B889129C8BFDA00A70AB9 /* Products */ = {
			isa = PBXGroup;
			children = (
				531B889029C8BFDA00A70AB9 /* Astro.app */,
				531B891529D14B0400A70AB9 /* AstroTests.xctest */,
			);
			name = Products;
			sourceTree = "<group>";
		};
		531B889229C8BFDA00A70AB9 /* Astro */ = {
			isa = PBXGroup;
			children = (
				531B88F029CB54D300A70AB9 /* Data */,
				531B88E529CB524600A70AB9 /* Domain */,
				531B88CE29CAB0B000A70AB9 /* Application */,
				531B88BC29C8C7A700A70AB9 /* Network */,
				531B88B429C8C60200A70AB9 /* Screens */,
				531B88D629CAC36000A70AB9 /* Utils */,
				531B889C29C8BFDC00A70AB9 /* Assets.xcassets */,
				531B889E29C8BFDC00A70AB9 /* LaunchScreen.storyboard */,
				531B88E029CB098900A70AB9 /* Main.storyboard */,
				531B88A129C8BFDC00A70AB9 /* Info.plist */,
			);
			path = Astro;
			sourceTree = "<group>";
		};
		531B88B429C8C60200A70AB9 /* Screens */ = {
			isa = PBXGroup;
			children = (
				531B88B529C8C61100A70AB9 /* APOD */,
			);
			path = Screens;
			sourceTree = "<group>";
		};
		531B88B529C8C61100A70AB9 /* APOD */ = {
			isa = PBXGroup;
			children = (
				531B890229CF6C8A00A70AB9 /* Flows */,
				531B88C629C9338A00A70AB9 /* Service */,
				531B88B929C8C63F00A70AB9 /* ViewModel */,
				531B88B629C8C62400A70AB9 /* Model */,
				531B88B829C8C63400A70AB9 /* View */,
			);
			path = APOD;
			sourceTree = "<group>";
		};
		531B88B629C8C62400A70AB9 /* Model */ = {
			isa = PBXGroup;
			children = (
				531B88BA29C8C73500A70AB9 /* APOD.swift */,
			);
			path = Model;
			sourceTree = "<group>";
		};
		531B88B829C8C63400A70AB9 /* View */ = {
			isa = PBXGroup;
			children = (
				531B889729C8BFDA00A70AB9 /* APODViewController.swift */,
				531B88DA29CAC4A000A70AB9 /* APODViewController.storyboard */,
			);
			path = View;
			sourceTree = "<group>";
		};
		531B88B929C8C63F00A70AB9 /* ViewModel */ = {
			isa = PBXGroup;
			children = (
				531B88C929C9356C00A70AB9 /* APODViewModel.swift */,
			);
			path = ViewModel;
			sourceTree = "<group>";
		};
		531B88BC29C8C7A700A70AB9 /* Network */ = {
			isa = PBXGroup;
			children = (
				531B88C329C92EBB00A70AB9 /* DataTransferService.swift */,
				531B88CB29CAAFFE00A70AB9 /* DefaultTransferService.swift */,
				531B88BD29C8C8E100A70AB9 /* NetworkConfigurable.swift */,
				531B88BF29C8C9AF00A70AB9 /* NetworkService.swift */,
				531B88C129C928A800A70AB9 /* EndPoint.swift */,
			);
			path = Network;
			sourceTree = "<group>";
		};
		531B88C629C9338A00A70AB9 /* Service */ = {
			isa = PBXGroup;
			children = (
				531B88C729C933B700A70AB9 /* APIEndpoints.swift */,
			);
			path = Service;
			sourceTree = "<group>";
		};
		531B88CE29CAB0B000A70AB9 /* Application */ = {
			isa = PBXGroup;
			children = (
				531B88CF29CAB16300A70AB9 /* DIContainer */,
				531B889329C8BFDA00A70AB9 /* AppDelegate.swift */,
				531B889529C8BFDA00A70AB9 /* SceneDelegate.swift */,
				531B88D229CAB1D400A70AB9 /* AppConfiguration.swift */,
				531B88D429CAC19800A70AB9 /* AppFlowCoordinator.swift */,
				531B88DC29CAE68200A70AB9 /* AppAppearance.swift */,
			);
			path = Application;
			sourceTree = "<group>";
		};
		531B88CF29CAB16300A70AB9 /* DIContainer */ = {
			isa = PBXGroup;
			children = (
				531B88D029CAB18E00A70AB9 /* AppDIContainer.swift */,
			);
			path = DIContainer;
			sourceTree = "<group>";
		};
		531B88D629CAC36000A70AB9 /* Utils */ = {
			isa = PBXGroup;
			children = (
				531B890529CFD98400A70AB9 /* Extension */,
				531B88D729CAC36D00A70AB9 /* Protocols */,
				531B88E329CB0B7400A70AB9 /* Observable.swift */,
			);
			path = Utils;
			sourceTree = "<group>";
		};
		531B88D729CAC36D00A70AB9 /* Protocols */ = {
			isa = PBXGroup;
			children = (
				531B88D829CAC38D00A70AB9 /* StoryboardInstantiable.swift */,
			);
			path = Protocols;
			sourceTree = "<group>";
		};
		531B88E529CB524600A70AB9 /* Domain */ = {
			isa = PBXGroup;
			children = (
				531B88EC29CB53D800A70AB9 /* RepositoryInterface */,
				531B88E629CB527400A70AB9 /* UseCases */,
			);
			path = Domain;
			sourceTree = "<group>";
		};
		531B88E629CB527400A70AB9 /* UseCases */ = {
			isa = PBXGroup;
			children = (
				531B88EA29CB52F500A70AB9 /* APODUseCase.swift */,
				531B88E729CB528300A70AB9 /* Protocol */,
			);
			path = UseCases;
			sourceTree = "<group>";
		};
		531B88E729CB528300A70AB9 /* Protocol */ = {
			isa = PBXGroup;
			children = (
				531B88E829CB529700A70AB9 /* UseCase.swift */,
			);
			path = Protocol;
			sourceTree = "<group>";
		};
		531B88EC29CB53D800A70AB9 /* RepositoryInterface */ = {
			isa = PBXGroup;
			children = (
				531B88ED29CB540D00A70AB9 /* APODRepository.swift */,
			);
			path = RepositoryInterface;
			sourceTree = "<group>";
		};
		531B88F029CB54D300A70AB9 /* Data */ = {
			isa = PBXGroup;
			children = (
				531B88F829CB5D9D00A70AB9 /* DataMapping */,
				531B88F529CB555F00A70AB9 /* PersistanceStorage */,
				531B88F129CB54DF00A70AB9 /* Repositories */,
			);
			path = Data;
			sourceTree = "<group>";
		};
		531B88F129CB54DF00A70AB9 /* Repositories */ = {
			isa = PBXGroup;
			children = (
				531B88F229CB550500A70AB9 /* DefaultAPODRepository.swift */,
				531B890A29D00C3D00A70AB9 /* DefaultImageRepository.swift */,
			);
			path = Repositories;
			sourceTree = "<group>";
		};
		531B88F529CB555F00A70AB9 /* PersistanceStorage */ = {
			isa = PBXGroup;
			children = (
				531B890C29D04B4800A70AB9 /* NSCacheDataStorage */,
				531B88FF29CB644200A70AB9 /* APODResponseStorage */,
			);
			path = PersistanceStorage;
			sourceTree = "<group>";
		};
		531B88F829CB5D9D00A70AB9 /* DataMapping */ = {
			isa = PBXGroup;
			children = (
				531B88F929CB5DC700A70AB9 /* APORequestDTO+Mapping.swift */,
				531B88FB29CB5DDE00A70AB9 /* APOResponseDTO+Mapping.swift */,
			);
			path = DataMapping;
			sourceTree = "<group>";
		};
		531B88FF29CB644200A70AB9 /* APODResponseStorage */ = {
			isa = PBXGroup;
			children = (
				531B88F629CB557900A70AB9 /* APODResponseStorage.swift */,
				531B890029CB647700A70AB9 /* UserDefaultResponseStorage.swift */,
			);
			path = APODResponseStorage;
			sourceTree = "<group>";
		};
		531B890229CF6C8A00A70AB9 /* Flows */ = {
			isa = PBXGroup;
			children = (
			);
			path = Flows;
			sourceTree = "<group>";
		};
		531B890529CFD98400A70AB9 /* Extension */ = {
			isa = PBXGroup;
			children = (
				531B890629CFD9A100A70AB9 /* Date+Extension.swift */,
				531B890829D0036800A70AB9 /* String+Extension.swift */,
				531B890F29D0A52900A70AB9 /* ErrorResolver.swift */,
			);
			path = Extension;
			sourceTree = "<group>";
		};
		531B890C29D04B4800A70AB9 /* NSCacheDataStorage */ = {
			isa = PBXGroup;
			children = (
				531B890D29D04B7000A70AB9 /* NSCacheDataStorage.swift */,
			);
			path = NSCacheDataStorage;
			sourceTree = "<group>";
		};
		531B891629D14B0500A70AB9 /* AstroTests */ = {
			isa = PBXGroup;
			children = (
				531B891E29D14B6B00A70AB9 /* Presentation */,
				531B891729D14B0500A70AB9 /* AstroTests.swift */,
			);
			path = AstroTests;
			sourceTree = "<group>";
		};
		531B891E29D14B6B00A70AB9 /* Presentation */ = {
			isa = PBXGroup;
			children = (
				531B892229D183DA00A70AB9 /* Domain */,
				531B891F29D14B7400A70AB9 /* ViewModel */,
			);
			path = Presentation;
			sourceTree = "<group>";
		};
		531B891F29D14B7400A70AB9 /* ViewModel */ = {
			isa = PBXGroup;
			children = (
				531B892029D14BC000A70AB9 /* APODViewModelTests.swift */,
			);
			path = ViewModel;
			sourceTree = "<group>";
		};
		531B892229D183DA00A70AB9 /* Domain */ = {
			isa = PBXGroup;
			children = (
				531B892329D1856D00A70AB9 /* APODMockUseCase.swift */,
			);
			path = Domain;
			sourceTree = "<group>";
		};
/* End PBXGroup section */

/* Begin PBXNativeTarget section */
		531B888F29C8BFDA00A70AB9 /* Astro */ = {
			isa = PBXNativeTarget;
			buildConfigurationList = 531B88A429C8BFDC00A70AB9 /* Build configuration list for PBXNativeTarget "Astro" */;
			buildPhases = (
				531B888C29C8BFDA00A70AB9 /* Sources */,
				531B888D29C8BFDA00A70AB9 /* Frameworks */,
				531B888E29C8BFDA00A70AB9 /* Resources */,
			);
			buildRules = (
			);
			dependencies = (
			);
			name = Astro;
			productName = Astro;
			productReference = 531B889029C8BFDA00A70AB9 /* Astro.app */;
			productType = "com.apple.product-type.application";
		};
		531B891429D14B0400A70AB9 /* AstroTests */ = {
			isa = PBXNativeTarget;
			buildConfigurationList = 531B891B29D14B0500A70AB9 /* Build configuration list for PBXNativeTarget "AstroTests" */;
			buildPhases = (
				531B891129D14B0400A70AB9 /* Sources */,
				531B891229D14B0400A70AB9 /* Frameworks */,
				531B891329D14B0400A70AB9 /* Resources */,
			);
			buildRules = (
			);
			dependencies = (
				531B891A29D14B0500A70AB9 /* PBXTargetDependency */,
			);
			name = AstroTests;
			productName = AstroTests;
			productReference = 531B891529D14B0400A70AB9 /* AstroTests.xctest */;
			productType = "com.apple.product-type.bundle.unit-test";
		};
/* End PBXNativeTarget section */

/* Begin PBXProject section */
		531B888829C8BFDA00A70AB9 /* Project object */ = {
			isa = PBXProject;
			attributes = {
				BuildIndependentTargetsInParallel = 1;
				LastSwiftUpdateCheck = 1400;
				LastUpgradeCheck = 1400;
				TargetAttributes = {
					531B888F29C8BFDA00A70AB9 = {
						CreatedOnToolsVersion = 14.0;
					};
					531B891429D14B0400A70AB9 = {
						CreatedOnToolsVersion = 14.0;
						TestTargetID = 531B888F29C8BFDA00A70AB9;
					};
				};
			};
			buildConfigurationList = 531B888B29C8BFDA00A70AB9 /* Build configuration list for PBXProject "Astro" */;
			compatibilityVersion = "Xcode 14.0";
			developmentRegion = en;
			hasScannedForEncodings = 0;
			knownRegions = (
				en,
				Base,
			);
			mainGroup = 531B888729C8BFDA00A70AB9;
			productRefGroup = 531B889129C8BFDA00A70AB9 /* Products */;
			projectDirPath = "";
			projectRoot = "";
			targets = (
				531B888F29C8BFDA00A70AB9 /* Astro */,
				531B891429D14B0400A70AB9 /* AstroTests */,
			);
		};
/* End PBXProject section */

/* Begin PBXResourcesBuildPhase section */
		531B888E29C8BFDA00A70AB9 /* Resources */ = {
			isa = PBXResourcesBuildPhase;
			buildActionMask = 2147483647;
			files = (
				531B88A029C8BFDC00A70AB9 /* LaunchScreen.storyboard in Resources */,
				531B889D29C8BFDC00A70AB9 /* Assets.xcassets in Resources */,
				531B88DB29CAC4A000A70AB9 /* APODViewController.storyboard in Resources */,
				531B88E229CB098900A70AB9 /* Main.storyboard in Resources */,
			);
			runOnlyForDeploymentPostprocessing = 0;
		};
		531B891329D14B0400A70AB9 /* Resources */ = {
			isa = PBXResourcesBuildPhase;
			buildActionMask = 2147483647;
			files = (
			);
			runOnlyForDeploymentPostprocessing = 0;
		};
/* End PBXResourcesBuildPhase section */

/* Begin PBXSourcesBuildPhase section */
		531B888C29C8BFDA00A70AB9 /* Sources */ = {
			isa = PBXSourcesBuildPhase;
			buildActionMask = 2147483647;
			files = (
				531B88CA29C9356C00A70AB9 /* APODViewModel.swift in Sources */,
				531B889829C8BFDA00A70AB9 /* APODViewController.swift in Sources */,
				531B88F329CB550500A70AB9 /* DefaultAPODRepository.swift in Sources */,
				531B88BB29C8C73500A70AB9 /* APOD.swift in Sources */,
				531B88EE29CB540D00A70AB9 /* APODRepository.swift in Sources */,
				531B890129CB647700A70AB9 /* UserDefaultResponseStorage.swift in Sources */,
				531B88D329CAB1D400A70AB9 /* AppConfiguration.swift in Sources */,
				531B889429C8BFDA00A70AB9 /* AppDelegate.swift in Sources */,
				531B890E29D04B7000A70AB9 /* NSCacheDataStorage.swift in Sources */,
				531B88C829C933B700A70AB9 /* APIEndpoints.swift in Sources */,
				531B88CC29CAAFFE00A70AB9 /* DefaultTransferService.swift in Sources */,
				531B88D929CAC38D00A70AB9 /* StoryboardInstantiable.swift in Sources */,
				531B88F729CB557900A70AB9 /* APODResponseStorage.swift in Sources */,
				531B88EB29CB52F500A70AB9 /* APODUseCase.swift in Sources */,
				531B891029D0A52900A70AB9 /* ErrorResolver.swift in Sources */,
				531B889629C8BFDA00A70AB9 /* SceneDelegate.swift in Sources */,
				531B88FA29CB5DC700A70AB9 /* APORequestDTO+Mapping.swift in Sources */,
				531B890B29D00C3D00A70AB9 /* DefaultImageRepository.swift in Sources */,
				531B890729CFD9A100A70AB9 /* Date+Extension.swift in Sources */,
				531B88C429C92EBB00A70AB9 /* DataTransferService.swift in Sources */,
				531B88D129CAB18E00A70AB9 /* AppDIContainer.swift in Sources */,
				531B88D529CAC19800A70AB9 /* AppFlowCoordinator.swift in Sources */,
				531B890929D0036800A70AB9 /* String+Extension.swift in Sources */,
				531B88E429CB0B7400A70AB9 /* Observable.swift in Sources */,
				531B88C029C8C9AF00A70AB9 /* NetworkService.swift in Sources */,
				531B88C229C928A800A70AB9 /* EndPoint.swift in Sources */,
				531B88FC29CB5DDE00A70AB9 /* APOResponseDTO+Mapping.swift in Sources */,
				531B88E929CB529700A70AB9 /* UseCase.swift in Sources */,
				531B88BE29C8C8E100A70AB9 /* NetworkConfigurable.swift in Sources */,
				531B88DD29CAE68200A70AB9 /* AppAppearance.swift in Sources */,
			);
			runOnlyForDeploymentPostprocessing = 0;
		};
		531B891129D14B0400A70AB9 /* Sources */ = {
			isa = PBXSourcesBuildPhase;
			buildActionMask = 2147483647;
			files = (
				531B892429D1856D00A70AB9 /* APODMockUseCase.swift in Sources */,
				531B892129D14BC000A70AB9 /* APODViewModelTests.swift in Sources */,
				531B891829D14B0500A70AB9 /* AstroTests.swift in Sources */,
			);
			runOnlyForDeploymentPostprocessing = 0;
		};
/* End PBXSourcesBuildPhase section */

/* Begin PBXTargetDependency section */
		531B891A29D14B0500A70AB9 /* PBXTargetDependency */ = {
			isa = PBXTargetDependency;
			target = 531B888F29C8BFDA00A70AB9 /* Astro */;
			targetProxy = 531B891929D14B0500A70AB9 /* PBXContainerItemProxy */;
		};
/* End PBXTargetDependency section */

/* Begin PBXVariantGroup section */
		531B889E29C8BFDC00A70AB9 /* LaunchScreen.storyboard */ = {
			isa = PBXVariantGroup;
			children = (
				531B889F29C8BFDC00A70AB9 /* Base */,
			);
			name = LaunchScreen.storyboard;
			sourceTree = "<group>";
		};
		531B88E029CB098900A70AB9 /* Main.storyboard */ = {
			isa = PBXVariantGroup;
			children = (
				531B88E129CB098900A70AB9 /* Base */,
			);
			name = Main.storyboard;
			sourceTree = "<group>";
		};
/* End PBXVariantGroup section */

/* Begin XCBuildConfiguration section */
		531B88A229C8BFDC00A70AB9 /* Debug */ = {
			isa = XCBuildConfiguration;
			buildSettings = {
				ALWAYS_SEARCH_USER_PATHS = NO;
				CLANG_ANALYZER_NONNULL = YES;
				CLANG_ANALYZER_NUMBER_OBJECT_CONVERSION = YES_AGGRESSIVE;
				CLANG_CXX_LANGUAGE_STANDARD = "gnu++20";
				CLANG_ENABLE_MODULES = YES;
				CLANG_ENABLE_OBJC_ARC = YES;
				CLANG_ENABLE_OBJC_WEAK = YES;
				CLANG_WARN_BLOCK_CAPTURE_AUTORELEASING = YES;
				CLANG_WARN_BOOL_CONVERSION = YES;
				CLANG_WARN_COMMA = YES;
				CLANG_WARN_CONSTANT_CONVERSION = YES;
				CLANG_WARN_DEPRECATED_OBJC_IMPLEMENTATIONS = YES;
				CLANG_WARN_DIRECT_OBJC_ISA_USAGE = YES_ERROR;
				CLANG_WARN_DOCUMENTATION_COMMENTS = YES;
				CLANG_WARN_EMPTY_BODY = YES;
				CLANG_WARN_ENUM_CONVERSION = YES;
				CLANG_WARN_INFINITE_RECURSION = YES;
				CLANG_WARN_INT_CONVERSION = YES;
				CLANG_WARN_NON_LITERAL_NULL_CONVERSION = YES;
				CLANG_WARN_OBJC_IMPLICIT_RETAIN_SELF = YES;
				CLANG_WARN_OBJC_LITERAL_CONVERSION = YES;
				CLANG_WARN_OBJC_ROOT_CLASS = YES_ERROR;
				CLANG_WARN_QUOTED_INCLUDE_IN_FRAMEWORK_HEADER = YES;
				CLANG_WARN_RANGE_LOOP_ANALYSIS = YES;
				CLANG_WARN_STRICT_PROTOTYPES = YES;
				CLANG_WARN_SUSPICIOUS_MOVE = YES;
				CLANG_WARN_UNGUARDED_AVAILABILITY = YES_AGGRESSIVE;
				CLANG_WARN_UNREACHABLE_CODE = YES;
				CLANG_WARN__DUPLICATE_METHOD_MATCH = YES;
				COPY_PHASE_STRIP = NO;
				DEBUG_INFORMATION_FORMAT = dwarf;
				ENABLE_STRICT_OBJC_MSGSEND = YES;
				ENABLE_TESTABILITY = YES;
				GCC_C_LANGUAGE_STANDARD = gnu11;
				GCC_DYNAMIC_NO_PIC = NO;
				GCC_NO_COMMON_BLOCKS = YES;
				GCC_OPTIMIZATION_LEVEL = 0;
				GCC_PREPROCESSOR_DEFINITIONS = (
					"DEBUG=1",
					"$(inherited)",
				);
				GCC_WARN_64_TO_32_BIT_CONVERSION = YES;
				GCC_WARN_ABOUT_RETURN_TYPE = YES_ERROR;
				GCC_WARN_UNDECLARED_SELECTOR = YES;
				GCC_WARN_UNINITIALIZED_AUTOS = YES_AGGRESSIVE;
				GCC_WARN_UNUSED_FUNCTION = YES;
				GCC_WARN_UNUSED_VARIABLE = YES;
				IPHONEOS_DEPLOYMENT_TARGET = 16.0;
				MTL_ENABLE_DEBUG_INFO = INCLUDE_SOURCE;
				MTL_FAST_MATH = YES;
				ONLY_ACTIVE_ARCH = YES;
				SDKROOT = iphoneos;
				SWIFT_ACTIVE_COMPILATION_CONDITIONS = DEBUG;
				SWIFT_OPTIMIZATION_LEVEL = "-Onone";
			};
			name = Debug;
		};
		531B88A329C8BFDC00A70AB9 /* Release */ = {
			isa = XCBuildConfiguration;
			buildSettings = {
				ALWAYS_SEARCH_USER_PATHS = NO;
				CLANG_ANALYZER_NONNULL = YES;
				CLANG_ANALYZER_NUMBER_OBJECT_CONVERSION = YES_AGGRESSIVE;
				CLANG_CXX_LANGUAGE_STANDARD = "gnu++20";
				CLANG_ENABLE_MODULES = YES;
				CLANG_ENABLE_OBJC_ARC = YES;
				CLANG_ENABLE_OBJC_WEAK = YES;
				CLANG_WARN_BLOCK_CAPTURE_AUTORELEASING = YES;
				CLANG_WARN_BOOL_CONVERSION = YES;
				CLANG_WARN_COMMA = YES;
				CLANG_WARN_CONSTANT_CONVERSION = YES;
				CLANG_WARN_DEPRECATED_OBJC_IMPLEMENTATIONS = YES;
				CLANG_WARN_DIRECT_OBJC_ISA_USAGE = YES_ERROR;
				CLANG_WARN_DOCUMENTATION_COMMENTS = YES;
				CLANG_WARN_EMPTY_BODY = YES;
				CLANG_WARN_ENUM_CONVERSION = YES;
				CLANG_WARN_INFINITE_RECURSION = YES;
				CLANG_WARN_INT_CONVERSION = YES;
				CLANG_WARN_NON_LITERAL_NULL_CONVERSION = YES;
				CLANG_WARN_OBJC_IMPLICIT_RETAIN_SELF = YES;
				CLANG_WARN_OBJC_LITERAL_CONVERSION = YES;
				CLANG_WARN_OBJC_ROOT_CLASS = YES_ERROR;
				CLANG_WARN_QUOTED_INCLUDE_IN_FRAMEWORK_HEADER = YES;
				CLANG_WARN_RANGE_LOOP_ANALYSIS = YES;
				CLANG_WARN_STRICT_PROTOTYPES = YES;
				CLANG_WARN_SUSPICIOUS_MOVE = YES;
				CLANG_WARN_UNGUARDED_AVAILABILITY = YES_AGGRESSIVE;
				CLANG_WARN_UNREACHABLE_CODE = YES;
				CLANG_WARN__DUPLICATE_METHOD_MATCH = YES;
				COPY_PHASE_STRIP = NO;
				DEBUG_INFORMATION_FORMAT = "dwarf-with-dsym";
				ENABLE_NS_ASSERTIONS = NO;
				ENABLE_STRICT_OBJC_MSGSEND = YES;
				GCC_C_LANGUAGE_STANDARD = gnu11;
				GCC_NO_COMMON_BLOCKS = YES;
				GCC_WARN_64_TO_32_BIT_CONVERSION = YES;
				GCC_WARN_ABOUT_RETURN_TYPE = YES_ERROR;
				GCC_WARN_UNDECLARED_SELECTOR = YES;
				GCC_WARN_UNINITIALIZED_AUTOS = YES_AGGRESSIVE;
				GCC_WARN_UNUSED_FUNCTION = YES;
				GCC_WARN_UNUSED_VARIABLE = YES;
				IPHONEOS_DEPLOYMENT_TARGET = 16.0;
				MTL_ENABLE_DEBUG_INFO = NO;
				MTL_FAST_MATH = YES;
				SDKROOT = iphoneos;
				SWIFT_COMPILATION_MODE = wholemodule;
				SWIFT_OPTIMIZATION_LEVEL = "-O";
				VALIDATE_PRODUCT = YES;
			};
			name = Release;
		};
		531B88A529C8BFDC00A70AB9 /* Debug */ = {
			isa = XCBuildConfiguration;
			buildSettings = {
				API_BASE_URL = "https://api.nasa.gov/";
				API_KEY = ixjUJxroTcOVbWjvTCmYe5RIbPw1gq89vXzmiQQi;
				ASSETCATALOG_COMPILER_APPICON_NAME = AppIcon;
				ASSETCATALOG_COMPILER_GLOBAL_ACCENT_COLOR_NAME = AccentColor;
				CODE_SIGN_STYLE = Automatic;
				CURRENT_PROJECT_VERSION = 1;
				GENERATE_INFOPLIST_FILE = YES;
				INFOPLIST_FILE = Astro/Info.plist;
				INFOPLIST_KEY_UIApplicationSupportsIndirectInputEvents = YES;
				INFOPLIST_KEY_UILaunchStoryboardName = LaunchScreen;
				INFOPLIST_KEY_UIMainStoryboardFile = Main;
				INFOPLIST_KEY_UISupportedInterfaceOrientations_iPad = "UIInterfaceOrientationPortrait UIInterfaceOrientationPortraitUpsideDown UIInterfaceOrientationLandscapeLeft UIInterfaceOrientationLandscapeRight";
				INFOPLIST_KEY_UISupportedInterfaceOrientations_iPhone = "UIInterfaceOrientationPortrait UIInterfaceOrientationLandscapeLeft UIInterfaceOrientationLandscapeRight";
				LD_RUNPATH_SEARCH_PATHS = (
					"$(inherited)",
					"@executable_path/Frameworks",
				);
				MARKETING_VERSION = 1.0;
				PRODUCT_BUNDLE_IDENTIFIER = com.ios.swift.Astro;
				PRODUCT_NAME = "$(TARGET_NAME)";
				SWIFT_EMIT_LOC_STRINGS = YES;
				SWIFT_VERSION = 5.0;
				TARGETED_DEVICE_FAMILY = "1,2";
			};
			name = Debug;
		};
		531B88A629C8BFDC00A70AB9 /* Release */ = {
			isa = XCBuildConfiguration;
			buildSettings = {
				API_BASE_URL = "https://api.nasa.gov/";
				API_KEY = ixjUJxroTcOVbWjvTCmYe5RIbPw1gq89vXzmiQQi;
				ASSETCATALOG_COMPILER_APPICON_NAME = AppIcon;
				ASSETCATALOG_COMPILER_GLOBAL_ACCENT_COLOR_NAME = AccentColor;
				CODE_SIGN_STYLE = Automatic;
				CURRENT_PROJECT_VERSION = 1;
				GENERATE_INFOPLIST_FILE = YES;
				INFOPLIST_FILE = Astro/Info.plist;
				INFOPLIST_KEY_UIApplicationSupportsIndirectInputEvents = YES;
				INFOPLIST_KEY_UILaunchStoryboardName = LaunchScreen;
				INFOPLIST_KEY_UIMainStoryboardFile = Main;
				INFOPLIST_KEY_UISupportedInterfaceOrientations_iPad = "UIInterfaceOrientationPortrait UIInterfaceOrientationPortraitUpsideDown UIInterfaceOrientationLandscapeLeft UIInterfaceOrientationLandscapeRight";
				INFOPLIST_KEY_UISupportedInterfaceOrientations_iPhone = "UIInterfaceOrientationPortrait UIInterfaceOrientationLandscapeLeft UIInterfaceOrientationLandscapeRight";
				LD_RUNPATH_SEARCH_PATHS = (
					"$(inherited)",
					"@executable_path/Frameworks",
				);
				MARKETING_VERSION = 1.0;
				PRODUCT_BUNDLE_IDENTIFIER = com.ios.swift.Astro;
				PRODUCT_NAME = "$(TARGET_NAME)";
				SWIFT_EMIT_LOC_STRINGS = YES;
				SWIFT_VERSION = 5.0;
				TARGETED_DEVICE_FAMILY = "1,2";
			};
			name = Release;
		};
		531B891C29D14B0500A70AB9 /* Debug */ = {
			isa = XCBuildConfiguration;
			buildSettings = {
				BUNDLE_LOADER = "$(TEST_HOST)";
				CODE_SIGN_STYLE = Automatic;
				CURRENT_PROJECT_VERSION = 1;
				GENERATE_INFOPLIST_FILE = YES;
				IPHONEOS_DEPLOYMENT_TARGET = 16.0;
				MACOSX_DEPLOYMENT_TARGET = 12.3;
				MARKETING_VERSION = 1.0;
				PRODUCT_BUNDLE_IDENTIFIER = com.ios.swift.AstroTests;
				PRODUCT_NAME = "$(TARGET_NAME)";
				SDKROOT = auto;
				SUPPORTED_PLATFORMS = "iphoneos iphonesimulator macosx";
				SWIFT_EMIT_LOC_STRINGS = NO;
				SWIFT_VERSION = 5.0;
				TARGETED_DEVICE_FAMILY = "1,2";
				TEST_HOST = "$(BUILT_PRODUCTS_DIR)/Astro.app/$(BUNDLE_EXECUTABLE_FOLDER_PATH)/Astro";
			};
			name = Debug;
		};
		531B891D29D14B0500A70AB9 /* Release */ = {
			isa = XCBuildConfiguration;
			buildSettings = {
				BUNDLE_LOADER = "$(TEST_HOST)";
				CODE_SIGN_STYLE = Automatic;
				CURRENT_PROJECT_VERSION = 1;
				GENERATE_INFOPLIST_FILE = YES;
				IPHONEOS_DEPLOYMENT_TARGET = 16.0;
				MACOSX_DEPLOYMENT_TARGET = 12.3;
				MARKETING_VERSION = 1.0;
				PRODUCT_BUNDLE_IDENTIFIER = com.ios.swift.AstroTests;
				PRODUCT_NAME = "$(TARGET_NAME)";
				SDKROOT = auto;
				SUPPORTED_PLATFORMS = "iphoneos iphonesimulator macosx";
				SWIFT_EMIT_LOC_STRINGS = NO;
				SWIFT_VERSION = 5.0;
				TARGETED_DEVICE_FAMILY = "1,2";
				TEST_HOST = "$(BUILT_PRODUCTS_DIR)/Astro.app/$(BUNDLE_EXECUTABLE_FOLDER_PATH)/Astro";
			};
			name = Release;
		};
/* End XCBuildConfiguration section */

/* Begin XCConfigurationList section */
		531B888B29C8BFDA00A70AB9 /* Build configuration list for PBXProject "Astro" */ = {
			isa = XCConfigurationList;
			buildConfigurations = (
				531B88A229C8BFDC00A70AB9 /* Debug */,
				531B88A329C8BFDC00A70AB9 /* Release */,
			);
			defaultConfigurationIsVisible = 0;
			defaultConfigurationName = Release;
		};
		531B88A429C8BFDC00A70AB9 /* Build configuration list for PBXNativeTarget "Astro" */ = {
			isa = XCConfigurationList;
			buildConfigurations = (
				531B88A529C8BFDC00A70AB9 /* Debug */,
				531B88A629C8BFDC00A70AB9 /* Release */,
			);
			defaultConfigurationIsVisible = 0;
			defaultConfigurationName = Release;
		};
		531B891B29D14B0500A70AB9 /* Build configuration list for PBXNativeTarget "AstroTests" */ = {
			isa = XCConfigurationList;
			buildConfigurations = (
				531B891C29D14B0500A70AB9 /* Debug */,
				531B891D29D14B0500A70AB9 /* Release */,
			);
			defaultConfigurationIsVisible = 0;
			defaultConfigurationName = Release;
		};
/* End XCConfigurationList section */
	};
	rootObject = 531B888829C8BFDA00A70AB9 /* Project object */;
}
